# This file is generated by running "yarn install" inside your project.
# Manual changes might be lost - proceed with caution!

__metadata:
  version: 6

"community-plugins@workspace:.":
  version: 0.0.0-use.local
  resolution: "community-plugins@workspace:."
  languageName: unknown
  linkType: soft
