# This file is generated by running "yarn install" inside your project.
# Manual changes might be lost - proceed with caution!

__metadata:
  version: 6

"@backstage-community/plugin-catalog-backend-module-scaffolder-relation-processor-dynamic@workspace:.":
  version: 0.0.0-use.local
  resolution: "@backstage-community/plugin-catalog-backend-module-scaffolder-relation-processor-dynamic@workspace:."
  peerDependencies:
    "@backstage/backend-common": ^0.21.6
    "@backstage/backend-dynamic-feature-service": ^0.2.8
    "@backstage/backend-plugin-api": ^0.6.16
    "@backstage/catalog-model": ^1.4.5
    "@backstage/plugin-catalog-common": ^1.0.22
    "@backstage/plugin-catalog-node": ^1.11.1
  languageName: unknown
  linkType: soft
