# This file is generated by running "yarn install" inside your project.
# Manual changes might be lost - proceed with caution!

__metadata:
  version: 6

"@internal/backstage-plugin-catalog-backend-module-msgraph-transformer-dynamic@workspace:.":
  version: 0.0.0-use.local
  resolution: "@internal/backstage-plugin-catalog-backend-module-msgraph-transformer-dynamic@workspace:."
  peerDependencies:
    "@backstage/backend-common": ^0.22.0
    "@backstage/backend-plugin-api": ^0.6.9
    "@backstage/catalog-model": 1.5.0
    "@backstage/plugin-catalog-backend-module-msgraph": 0.5.25
  languageName: unknown
  linkType: soft
