# This file is generated by running "yarn install" inside your project.
# Manual changes might be lost - proceed with caution!

__metadata:
  version: 6

"@backstage-community/plugin-3scale-backend-dynamic@workspace:.":
  version: 0.0.0-use.local
  resolution: "@backstage-community/plugin-3scale-backend-dynamic@workspace:."
  peerDependencies:
    "@backstage/backend-plugin-api": ^0.8.0
    "@backstage/catalog-model": ^1.6.0
    "@backstage/errors": ^1.2.4
    "@backstage/plugin-catalog-node": ^1.12.5
  languageName: unknown
  linkType: soft
